// !$*UTF8*$!
{
	archiveVersion = 1;
	classes = {
	};
	objectVersion = 46;
	objects = {

/* Begin PBXBuildFile section */
		DD09553A1E7CCD89003344C9 /* GiftwareViewCell.m in Sources */ = {isa = PBXBuildFile; fileRef = DD0955391E7CCD89003344C9 /* GiftwareViewCell.m */; };
		DD15241D1E77E1F000CF7CB9 /* UIButton+ImageTitleSpacing.m in Sources */ = {isa = PBXBuildFile; fileRef = DD15241C1E77E1F000CF7CB9 /* UIButton+ImageTitleSpacing.m */; };
		DD1524241E77F71600CF7CB9 /* ServiceAPI.m in Sources */ = {isa = PBXBuildFile; fileRef = DD1524231E77F71600CF7CB9 /* ServiceAPI.m */; };
		DD15242A1E77F8C900CF7CB9 /* XYSpriteHelper.m in Sources */ = {isa = PBXBuildFile; fileRef = DD1524271E77F8C900CF7CB9 /* XYSpriteHelper.m */; };
		DD15242B1E77F8C900CF7CB9 /* XYSpriteView.m in Sources */ = {isa = PBXBuildFile; fileRef = DD1524291E77F8C900CF7CB9 /* XYSpriteView.m */; };
		DD15242E1E77F8DD00CF7CB9 /* Constants.m in Sources */ = {isa = PBXBuildFile; fileRef = DD15242D1E77F8DD00CF7CB9 /* Constants.m */; };
		DD15244D1E77F8FB00CF7CB9 /* HttpUnits.m in Sources */ = {isa = PBXBuildFile; fileRef = DD1524311E77F8FB00CF7CB9 /* HttpUnits.m */; };
		DD15244E1E77F8FB00CF7CB9 /* instruction.strings in Resources */ = {isa = PBXBuildFile; fileRef = DD1524321E77F8FB00CF7CB9 /* instruction.strings */; };
		DD15244F1E77F8FB00CF7CB9 /* NSObject+SBJson.m in Sources */ = {isa = PBXBuildFile; fileRef = DD1524351E77F8FB00CF7CB9 /* NSObject+SBJson.m */; };
		DD1524501E77F8FB00CF7CB9 /* SBJsonParser.m in Sources */ = {isa = PBXBuildFile; fileRef = DD1524381E77F8FB00CF7CB9 /* SBJsonParser.m */; };
		DD1524511E77F8FB00CF7CB9 /* SBJsonStreamParser.m in Sources */ = {isa = PBXBuildFile; fileRef = DD15243A1E77F8FB00CF7CB9 /* SBJsonStreamParser.m */; };
		DD1524521E77F8FB00CF7CB9 /* SBJsonStreamParserAccumulator.m in Sources */ = {isa = PBXBuildFile; fileRef = DD15243C1E77F8FB00CF7CB9 /* SBJsonStreamParserAccumulator.m */; };
		DD1524531E77F8FB00CF7CB9 /* SBJsonStreamParserAdapter.m in Sources */ = {isa = PBXBuildFile; fileRef = DD15243E1E77F8FB00CF7CB9 /* SBJsonStreamParserAdapter.m */; };
		DD1524541E77F8FB00CF7CB9 /* SBJsonStreamParserState.m in Sources */ = {isa = PBXBuildFile; fileRef = DD1524401E77F8FB00CF7CB9 /* SBJsonStreamParserState.m */; };
		DD1524551E77F8FB00CF7CB9 /* SBJsonStreamWriter.m in Sources */ = {isa = PBXBuildFile; fileRef = DD1524421E77F8FB00CF7CB9 /* SBJsonStreamWriter.m */; };
		DD1524561E77F8FB00CF7CB9 /* SBJsonStreamWriterAccumulator.m in Sources */ = {isa = PBXBuildFile; fileRef = DD1524441E77F8FB00CF7CB9 /* SBJsonStreamWriterAccumulator.m */; };
		DD1524571E77F8FB00CF7CB9 /* SBJsonStreamWriterState.m in Sources */ = {isa = PBXBuildFile; fileRef = DD1524461E77F8FB00CF7CB9 /* SBJsonStreamWriterState.m */; };
		DD1524581E77F8FB00CF7CB9 /* SBJsonTokeniser.m in Sources */ = {isa = PBXBuildFile; fileRef = DD1524481E77F8FB00CF7CB9 /* SBJsonTokeniser.m */; };
		DD1524591E77F8FB00CF7CB9 /* SBJsonUTF8Stream.m in Sources */ = {isa = PBXBuildFile; fileRef = DD15244A1E77F8FB00CF7CB9 /* SBJsonUTF8Stream.m */; };
		DD15245A1E77F8FB00CF7CB9 /* SBJsonWriter.m in Sources */ = {isa = PBXBuildFile; fileRef = DD15244C1E77F8FB00CF7CB9 /* SBJsonWriter.m */; };
		DD1C8DDD1E790AF600C98D0A /* MBProgressHUD+Show.m in Sources */ = {isa = PBXBuildFile; fileRef = DD1C8DD91E790AF600C98D0A /* MBProgressHUD+Show.m */; };
		DD1C8DDE1E790AF600C98D0A /* MBProgressHUD.bundle in Resources */ = {isa = PBXBuildFile; fileRef = DD1C8DDA1E790AF600C98D0A /* MBProgressHUD.bundle */; };
		DD1C8DDF1E790AF600C98D0A /* MBProgressHUD.m in Sources */ = {isa = PBXBuildFile; fileRef = DD1C8DDC1E790AF600C98D0A /* MBProgressHUD.m */; };
		DD1C8DF91E79270100C98D0A /* ShortcutViewController.m in Sources */ = {isa = PBXBuildFile; fileRef = DD1C8DF81E79270100C98D0A /* ShortcutViewController.m */; };
		DD1C8E281E79480500C98D0A /* TAAbstractDotView.m in Sources */ = {isa = PBXBuildFile; fileRef = DD1C8E1B1E79480500C98D0A /* TAAbstractDotView.m */; };
		DD1C8E291E79480500C98D0A /* TAAnimatedDotView.m in Sources */ = {isa = PBXBuildFile; fileRef = DD1C8E1D1E79480500C98D0A /* TAAnimatedDotView.m */; };
		DD1C8E2A1E79480500C98D0A /* TADotView.m in Sources */ = {isa = PBXBuildFile; fileRef = DD1C8E1F1E79480500C98D0A /* TADotView.m */; };
		DD1C8E2B1E79480500C98D0A /* TAPageControl.m in Sources */ = {isa = PBXBuildFile; fileRef = DD1C8E211E79480500C98D0A /* TAPageControl.m */; };
		DD1C8E2C1E79480500C98D0A /* SDCollectionViewCell.m in Sources */ = {isa = PBXBuildFile; fileRef = DD1C8E231E79480500C98D0A /* SDCollectionViewCell.m */; };
		DD1C8E2D1E79480500C98D0A /* SDCycleScrollView.m in Sources */ = {isa = PBXBuildFile; fileRef = DD1C8E251E79480500C98D0A /* SDCycleScrollView.m */; };
		DD1C8E2E1E79480500C98D0A /* UIView+SDExtension.m in Sources */ = {isa = PBXBuildFile; fileRef = DD1C8E271E79480500C98D0A /* UIView+SDExtension.m */; };
		DD1C8E3A1E794F7400C98D0A /* UIView+EXTention.m in Sources */ = {isa = PBXBuildFile; fileRef = DD1C8E391E794F7400C98D0A /* UIView+EXTention.m */; };
		DD1C8E3D1E794F9600C98D0A /* XMGSqaureButton.m in Sources */ = {isa = PBXBuildFile; fileRef = DD1C8E3C1E794F9600C98D0A /* XMGSqaureButton.m */; };
		DD36321B1E7B8244007D3CFF /* UINavigationBar+Awesome.m in Sources */ = {isa = PBXBuildFile; fileRef = DD36321A1E7B8244007D3CFF /* UINavigationBar+Awesome.m */; };
		DD3632371E7BAE70007D3CFF /* FunctionView.m in Sources */ = {isa = PBXBuildFile; fileRef = DD3632301E7BAE70007D3CFF /* FunctionView.m */; };
		DD3632381E7BAE70007D3CFF /* HeadView.m in Sources */ = {isa = PBXBuildFile; fileRef = DD3632321E7BAE70007D3CFF /* HeadView.m */; };
		DD3632391E7BAE70007D3CFF /* ZYJHeadLineModel.m in Sources */ = {isa = PBXBuildFile; fileRef = DD3632341E7BAE70007D3CFF /* ZYJHeadLineModel.m */; };
		DD36323A1E7BAE70007D3CFF /* ZYJHeadLineView.m in Sources */ = {isa = PBXBuildFile; fileRef = DD3632361E7BAE70007D3CFF /* ZYJHeadLineView.m */; };
		DD3E92041E78E6C4006072A6 /* HyperlinksButton.m in Sources */ = {isa = PBXBuildFile; fileRef = DD3E92031E78E6C4006072A6 /* HyperlinksButton.m */; };
		DD3E920B1E78F396006072A6 /* HomeViewController.m in Sources */ = {isa = PBXBuildFile; fileRef = DD3E920A1E78F396006072A6 /* HomeViewController.m */; };
		DD3E920E1E78F39F006072A6 /* MeViewController.m in Sources */ = {isa = PBXBuildFile; fileRef = DD3E920D1E78F39F006072A6 /* MeViewController.m */; };
		DD3E92111E78F3C4006072A6 /* JobsViewController.m in Sources */ = {isa = PBXBuildFile; fileRef = DD3E92101E78F3C4006072A6 /* JobsViewController.m */; };
		DD3E92141E78F3CF006072A6 /* NearbyViewController.m in Sources */ = {isa = PBXBuildFile; fileRef = DD3E92131E78F3CF006072A6 /* NearbyViewController.m */; };
		DD4BD9C11E7A59610052A807 /* NSString+MD5.m in Sources */ = {isa = PBXBuildFile; fileRef = DD4BD9C01E7A59610052A807 /* NSString+MD5.m */; };
		DD4BD9C51E7A71150052A807 /* BaseViewController.m in Sources */ = {isa = PBXBuildFile; fileRef = DD4BD9C41E7A71150052A807 /* BaseViewController.m */; };
		DD5C8F2B1E7BDA6000A6E4CB /* NearbyViewCell.m in Sources */ = {isa = PBXBuildFile; fileRef = DD5C8F291E7BDA6000A6E4CB /* NearbyViewCell.m */; };
		DD5C8F301E7BDF3800A6E4CB /* CouponViewCell.m in Sources */ = {isa = PBXBuildFile; fileRef = DD5C8F2E1E7BDF3800A6E4CB /* CouponViewCell.m */; };
		DD5C8F351E7BE37700A6E4CB /* ShopViewCell.m in Sources */ = {isa = PBXBuildFile; fileRef = DD5C8F331E7BE37700A6E4CB /* ShopViewCell.m */; };
		DD5C8F3A1E7BE68300A6E4CB /* EveryDayViewCell.m in Sources */ = {isa = PBXBuildFile; fileRef = DD5C8F381E7BE68300A6E4CB /* EveryDayViewCell.m */; };
		DD5C8F401E7BE8F100A6E4CB /* CollectionReusableHeadView.m in Sources */ = {isa = PBXBuildFile; fileRef = DD5C8F3E1E7BE8F100A6E4CB /* CollectionReusableHeadView.m */; };
		DD5C8F451E7BE99400A6E4CB /* CollectionBottomViewCell.m in Sources */ = {isa = PBXBuildFile; fileRef = DD5C8F431E7BE99400A6E4CB /* CollectionBottomViewCell.m */; };
		DD6917911E77CC4200FE865B /* Reachability.m in Sources */ = {isa = PBXBuildFile; fileRef = DD6917901E77CC4200FE865B /* Reachability.m */; };
		DDFA12501E77955C00CF8771 /* main.m in Sources */ = {isa = PBXBuildFile; fileRef = DDFA124F1E77955C00CF8771 /* main.m */; };
		DDFA12531E77955C00CF8771 /* AppDelegate.m in Sources */ = {isa = PBXBuildFile; fileRef = DDFA12521E77955C00CF8771 /* AppDelegate.m */; };
		DDFA12591E77955C00CF8771 /* Main.storyboard in Resources */ = {isa = PBXBuildFile; fileRef = DDFA12571E77955C00CF8771 /* Main.storyboard */; };
		DDFA125C1E77955D00CF8771 /* FitNess.xcdatamodeld in Sources */ = {isa = PBXBuildFile; fileRef = DDFA125A1E77955D00CF8771 /* FitNess.xcdatamodeld */; };
		DDFA125E1E77955D00CF8771 /* Assets.xcassets in Resources */ = {isa = PBXBuildFile; fileRef = DDFA125D1E77955D00CF8771 /* Assets.xcassets */; };
		DDFA12611E77955D00CF8771 /* LaunchScreen.storyboard in Resources */ = {isa = PBXBuildFile; fileRef = DDFA125F1E77955D00CF8771 /* LaunchScreen.storyboard */; };
		DDFA126C1E77955D00CF8771 /* FitNessTests.m in Sources */ = {isa = PBXBuildFile; fileRef = DDFA126B1E77955D00CF8771 /* FitNessTests.m */; };
		DDFA12771E77955D00CF8771 /* FitNessUITests.m in Sources */ = {isa = PBXBuildFile; fileRef = DDFA12761E77955D00CF8771 /* FitNessUITests.m */; };
		DDFA128D1E779D0300CF8771 /* TabBarViewController.m in Sources */ = {isa = PBXBuildFile; fileRef = DDFA128C1E779D0300CF8771 /* TabBarViewController.m */; };
		DDFA129C1E779E5200CF8771 /* NavViewController.m in Sources */ = {isa = PBXBuildFile; fileRef = DDFA129B1E779E5200CF8771 /* NavViewController.m */; };
		DDFA12A11E77BCDE00CF8771 /* LoginViewController.m in Sources */ = {isa = PBXBuildFile; fileRef = DDFA12A01E77BCDE00CF8771 /* LoginViewController.m */; };
		DDFA12A41E77BCEB00CF8771 /* RegisterViewController.m in Sources */ = {isa = PBXBuildFile; fileRef = DDFA12A31E77BCEB00CF8771 /* RegisterViewController.m */; };
		DDFA12A71E77BCF600CF8771 /* ForgetViewController.m in Sources */ = {isa = PBXBuildFile; fileRef = DDFA12A61E77BCF600CF8771 /* ForgetViewController.m */; };
		DDFA12AB1E77BEDB00CF8771 /* UIViewController+BackVC.m in Sources */ = {isa = PBXBuildFile; fileRef = DDFA12AA1E77BEDB00CF8771 /* UIViewController+BackVC.m */; };
		DDFA12AF1E77C69A00CF8771 /* TouchUIView.m in Sources */ = {isa = PBXBuildFile; fileRef = DDFA12AE1E77C69A00CF8771 /* TouchUIView.m */; };
		DDFA12B21E77C6A500CF8771 /* tools.m in Sources */ = {isa = PBXBuildFile; fileRef = DDFA12B11E77C6A500CF8771 /* tools.m */; };
		DDFA12B51E77C6B800CF8771 /* ColorFont.m in Sources */ = {isa = PBXBuildFile; fileRef = DDFA12B41E77C6B800CF8771 /* ColorFont.m */; };
		E555DB85657427ED7A2EE6A8 /* libPods-FitNess.a in Frameworks */ = {isa = PBXBuildFile; fileRef = D6EF17B06E4EEC987964979D /* libPods-FitNess.a */; };
/* End PBXBuildFile section */

/* Begin PBXContainerItemProxy section */
		DDFA12681E77955D00CF8771 /* PBXContainerItemProxy */ = {
			isa = PBXContainerItemProxy;
			containerPortal = DDFA12431E77955C00CF8771 /* Project object */;
			proxyType = 1;
			remoteGlobalIDString = DDFA124A1E77955C00CF8771;
			remoteInfo = FitNess;
		};
		DDFA12731E77955D00CF8771 /* PBXContainerItemProxy */ = {
			isa = PBXContainerItemProxy;
			containerPortal = DDFA12431E77955C00CF8771 /* Project object */;
			proxyType = 1;
			remoteGlobalIDString = DDFA124A1E77955C00CF8771;
			remoteInfo = FitNess;
		};
/* End PBXContainerItemProxy section */

/* Begin PBXFileReference section */
		2158D8FD2210AF3BB64DB772 /* Pods-FitNess.debug.xcconfig */ = {isa = PBXFileReference; includeInIndex = 1; lastKnownFileType = text.xcconfig; name = "Pods-FitNess.debug.xcconfig"; path = "Pods/Target Support Files/Pods-FitNess/Pods-FitNess.debug.xcconfig"; sourceTree = "<group>"; };
		5C6E77572590A4D8719F248E /* Pods-FitNess.release.xcconfig */ = {isa = PBXFileReference; includeInIndex = 1; lastKnownFileType = text.xcconfig; name = "Pods-FitNess.release.xcconfig"; path = "Pods/Target Support Files/Pods-FitNess/Pods-FitNess.release.xcconfig"; sourceTree = "<group>"; };
		D6EF17B06E4EEC987964979D /* libPods-FitNess.a */ = {isa = PBXFileReference; explicitFileType = archive.ar; includeInIndex = 0; path = "libPods-FitNess.a"; sourceTree = BUILT_PRODUCTS_DIR; };
		DD0955381E7CCD89003344C9 /* GiftwareViewCell.h */ = {isa = PBXFileReference; fileEncoding = 4; lastKnownFileType = sourcecode.c.h; path = GiftwareViewCell.h; sourceTree = "<group>"; };
		DD0955391E7CCD89003344C9 /* GiftwareViewCell.m */ = {isa = PBXFileReference; fileEncoding = 4; lastKnownFileType = sourcecode.c.objc; path = GiftwareViewCell.m; sourceTree = "<group>"; };
		DD15241B1E77E1F000CF7CB9 /* UIButton+ImageTitleSpacing.h */ = {isa = PBXFileReference; fileEncoding = 4; lastKnownFileType = sourcecode.c.h; path = "UIButton+ImageTitleSpacing.h"; sourceTree = "<group>"; };
		DD15241C1E77E1F000CF7CB9 /* UIButton+ImageTitleSpacing.m */ = {isa = PBXFileReference; fileEncoding = 4; lastKnownFileType = sourcecode.c.objc; path = "UIButton+ImageTitleSpacing.m"; sourceTree = "<group>"; };
		DD1524221E77F71600CF7CB9 /* ServiceAPI.h */ = {isa = PBXFileReference; fileEncoding = 4; lastKnownFileType = sourcecode.c.h; path = ServiceAPI.h; sourceTree = "<group>"; };
		DD1524231E77F71600CF7CB9 /* ServiceAPI.m */ = {isa = PBXFileReference; fileEncoding = 4; lastKnownFileType = sourcecode.c.objc; path = ServiceAPI.m; sourceTree = "<group>"; };
		DD1524261E77F8C900CF7CB9 /* XYSpriteHelper.h */ = {isa = PBXFileReference; fileEncoding = 4; lastKnownFileType = sourcecode.c.h; path = XYSpriteHelper.h; sourceTree = "<group>"; };
		DD1524271E77F8C900CF7CB9 /* XYSpriteHelper.m */ = {isa = PBXFileReference; fileEncoding = 4; lastKnownFileType = sourcecode.c.objc; path = XYSpriteHelper.m; sourceTree = "<group>"; };
		DD1524281E77F8C900CF7CB9 /* XYSpriteView.h */ = {isa = PBXFileReference; fileEncoding = 4; lastKnownFileType = sourcecode.c.h; path = XYSpriteView.h; sourceTree = "<group>"; };
		DD1524291E77F8C900CF7CB9 /* XYSpriteView.m */ = {isa = PBXFileReference; fileEncoding = 4; lastKnownFileType = sourcecode.c.objc; path = XYSpriteView.m; sourceTree = "<group>"; };
		DD15242C1E77F8DD00CF7CB9 /* Constants.h */ = {isa = PBXFileReference; fileEncoding = 4; lastKnownFileType = sourcecode.c.h; path = Constants.h; sourceTree = "<group>"; };
		DD15242D1E77F8DD00CF7CB9 /* Constants.m */ = {isa = PBXFileReference; fileEncoding = 4; lastKnownFileType = sourcecode.c.objc; path = Constants.m; sourceTree = "<group>"; };
		DD1524301E77F8FB00CF7CB9 /* HttpUnits.h */ = {isa = PBXFileReference; fileEncoding = 4; lastKnownFileType = sourcecode.c.h; path = HttpUnits.h; sourceTree = "<group>"; };
		DD1524311E77F8FB00CF7CB9 /* HttpUnits.m */ = {isa = PBXFileReference; fileEncoding = 4; lastKnownFileType = sourcecode.c.objc; path = HttpUnits.m; sourceTree = "<group>"; };
		DD1524321E77F8FB00CF7CB9 /* instruction.strings */ = {isa = PBXFileReference; fileEncoding = 4; lastKnownFileType = text.plist.strings; path = instruction.strings; sourceTree = "<group>"; };
		DD1524341E77F8FB00CF7CB9 /* NSObject+SBJson.h */ = {isa = PBXFileReference; fileEncoding = 4; lastKnownFileType = sourcecode.c.h; path = "NSObject+SBJson.h"; sourceTree = "<group>"; };
		DD1524351E77F8FB00CF7CB9 /* NSObject+SBJson.m */ = {isa = PBXFileReference; fileEncoding = 4; lastKnownFileType = sourcecode.c.objc; path = "NSObject+SBJson.m"; sourceTree = "<group>"; };
		DD1524361E77F8FB00CF7CB9 /* SBJson.h */ = {isa = PBXFileReference; fileEncoding = 4; lastKnownFileType = sourcecode.c.h; path = SBJson.h; sourceTree = "<group>"; };
		DD1524371E77F8FB00CF7CB9 /* SBJsonParser.h */ = {isa = PBXFileReference; fileEncoding = 4; lastKnownFileType = sourcecode.c.h; path = SBJsonParser.h; sourceTree = "<group>"; };
		DD1524381E77F8FB00CF7CB9 /* SBJsonParser.m */ = {isa = PBXFileReference; fileEncoding = 4; lastKnownFileType = sourcecode.c.objc; path = SBJsonParser.m; sourceTree = "<group>"; };
		DD1524391E77F8FB00CF7CB9 /* SBJsonStreamParser.h */ = {isa = PBXFileReference; fileEncoding = 4; lastKnownFileType = sourcecode.c.h; path = SBJsonStreamParser.h; sourceTree = "<group>"; };
		DD15243A1E77F8FB00CF7CB9 /* SBJsonStreamParser.m */ = {isa = PBXFileReference; fileEncoding = 4; lastKnownFileType = sourcecode.c.objc; path = SBJsonStreamParser.m; sourceTree = "<group>"; };
		DD15243B1E77F8FB00CF7CB9 /* SBJsonStreamParserAccumulator.h */ = {isa = PBXFileReference; fileEncoding = 4; lastKnownFileType = sourcecode.c.h; path = SBJsonStreamParserAccumulator.h; sourceTree = "<group>"; };
		DD15243C1E77F8FB00CF7CB9 /* SBJsonStreamParserAccumulator.m */ = {isa = PBXFileReference; fileEncoding = 4; lastKnownFileType = sourcecode.c.objc; path = SBJsonStreamParserAccumulator.m; sourceTree = "<group>"; };
		DD15243D1E77F8FB00CF7CB9 /* SBJsonStreamParserAdapter.h */ = {isa = PBXFileReference; fileEncoding = 4; lastKnownFileType = sourcecode.c.h; path = SBJsonStreamParserAdapter.h; sourceTree = "<group>"; };
		DD15243E1E77F8FB00CF7CB9 /* SBJsonStreamParserAdapter.m */ = {isa = PBXFileReference; fileEncoding = 4; lastKnownFileType = sourcecode.c.objc; path = SBJsonStreamParserAdapter.m; sourceTree = "<group>"; };
		DD15243F1E77F8FB00CF7CB9 /* SBJsonStreamParserState.h */ = {isa = PBXFileReference; fileEncoding = 4; lastKnownFileType = sourcecode.c.h; path = SBJsonStreamParserState.h; sourceTree = "<group>"; };
		DD1524401E77F8FB00CF7CB9 /* SBJsonStreamParserState.m */ = {isa = PBXFileReference; fileEncoding = 4; lastKnownFileType = sourcecode.c.objc; path = SBJsonStreamParserState.m; sourceTree = "<group>"; };
		DD1524411E77F8FB00CF7CB9 /* SBJsonStreamWriter.h */ = {isa = PBXFileReference; fileEncoding = 4; lastKnownFileType = sourcecode.c.h; path = SBJsonStreamWriter.h; sourceTree = "<group>"; };
		DD1524421E77F8FB00CF7CB9 /* SBJsonStreamWriter.m */ = {isa = PBXFileReference; fileEncoding = 4; lastKnownFileType = sourcecode.c.objc; path = SBJsonStreamWriter.m; sourceTree = "<group>"; };
		DD1524431E77F8FB00CF7CB9 /* SBJsonStreamWriterAccumulator.h */ = {isa = PBXFileReference; fileEncoding = 4; lastKnownFileType = sourcecode.c.h; path = SBJsonStreamWriterAccumulator.h; sourceTree = "<group>"; };
		DD1524441E77F8FB00CF7CB9 /* SBJsonStreamWriterAccumulator.m */ = {isa = PBXFileReference; fileEncoding = 4; lastKnownFileType = sourcecode.c.objc; path = SBJsonStreamWriterAccumulator.m; sourceTree = "<group>"; };
		DD1524451E77F8FB00CF7CB9 /* SBJsonStreamWriterState.h */ = {isa = PBXFileReference; fileEncoding = 4; lastKnownFileType = sourcecode.c.h; path = SBJsonStreamWriterState.h; sourceTree = "<group>"; };
		DD1524461E77F8FB00CF7CB9 /* SBJsonStreamWriterState.m */ = {isa = PBXFileReference; fileEncoding = 4; lastKnownFileType = sourcecode.c.objc; path = SBJsonStreamWriterState.m; sourceTree = "<group>"; };
		DD1524471E77F8FB00CF7CB9 /* SBJsonTokeniser.h */ = {isa = PBXFileReference; fileEncoding = 4; lastKnownFileType = sourcecode.c.h; path = SBJsonTokeniser.h; sourceTree = "<group>"; };
		DD1524481E77F8FB00CF7CB9 /* SBJsonTokeniser.m */ = {isa = PBXFileReference; fileEncoding = 4; lastKnownFileType = sourcecode.c.objc; path = SBJsonTokeniser.m; sourceTree = "<group>"; };
		DD1524491E77F8FB00CF7CB9 /* SBJsonUTF8Stream.h */ = {isa = PBXFileReference; fileEncoding = 4; lastKnownFileType = sourcecode.c.h; path = SBJsonUTF8Stream.h; sourceTree = "<group>"; };
		DD15244A1E77F8FB00CF7CB9 /* SBJsonUTF8Stream.m */ = {isa = PBXFileReference; fileEncoding = 4; lastKnownFileType = sourcecode.c.objc; path = SBJsonUTF8Stream.m; sourceTree = "<group>"; };
		DD15244B1E77F8FB00CF7CB9 /* SBJsonWriter.h */ = {isa = PBXFileReference; fileEncoding = 4; lastKnownFileType = sourcecode.c.h; path = SBJsonWriter.h; sourceTree = "<group>"; };
		DD15244C1E77F8FB00CF7CB9 /* SBJsonWriter.m */ = {isa = PBXFileReference; fileEncoding = 4; lastKnownFileType = sourcecode.c.objc; path = SBJsonWriter.m; sourceTree = "<group>"; };
		DD1C8DD81E790AF600C98D0A /* MBProgressHUD+Show.h */ = {isa = PBXFileReference; fileEncoding = 4; lastKnownFileType = sourcecode.c.h; path = "MBProgressHUD+Show.h"; sourceTree = "<group>"; };
		DD1C8DD91E790AF600C98D0A /* MBProgressHUD+Show.m */ = {isa = PBXFileReference; fileEncoding = 4; lastKnownFileType = sourcecode.c.objc; path = "MBProgressHUD+Show.m"; sourceTree = "<group>"; };
		DD1C8DDA1E790AF600C98D0A /* MBProgressHUD.bundle */ = {isa = PBXFileReference; lastKnownFileType = "wrapper.plug-in"; path = MBProgressHUD.bundle; sourceTree = "<group>"; };
		DD1C8DDB1E790AF600C98D0A /* MBProgressHUD.h */ = {isa = PBXFileReference; fileEncoding = 4; lastKnownFileType = sourcecode.c.h; path = MBProgressHUD.h; sourceTree = "<group>"; };
		DD1C8DDC1E790AF600C98D0A /* MBProgressHUD.m */ = {isa = PBXFileReference; fileEncoding = 4; lastKnownFileType = sourcecode.c.objc; path = MBProgressHUD.m; sourceTree = "<group>"; };
		DD1C8DF71E79270100C98D0A /* ShortcutViewController.h */ = {isa = PBXFileReference; fileEncoding = 4; lastKnownFileType = sourcecode.c.h; path = ShortcutViewController.h; sourceTree = "<group>"; };
		DD1C8DF81E79270100C98D0A /* ShortcutViewController.m */ = {isa = PBXFileReference; fileEncoding = 4; lastKnownFileType = sourcecode.c.objc; path = ShortcutViewController.m; sourceTree = "<group>"; };
		DD1C8E1A1E79480500C98D0A /* TAAbstractDotView.h */ = {isa = PBXFileReference; fileEncoding = 4; lastKnownFileType = sourcecode.c.h; path = TAAbstractDotView.h; sourceTree = "<group>"; };
		DD1C8E1B1E79480500C98D0A /* TAAbstractDotView.m */ = {isa = PBXFileReference; fileEncoding = 4; lastKnownFileType = sourcecode.c.objc; path = TAAbstractDotView.m; sourceTree = "<group>"; };
		DD1C8E1C1E79480500C98D0A /* TAAnimatedDotView.h */ = {isa = PBXFileReference; fileEncoding = 4; lastKnownFileType = sourcecode.c.h; path = TAAnimatedDotView.h; sourceTree = "<group>"; };
		DD1C8E1D1E79480500C98D0A /* TAAnimatedDotView.m */ = {isa = PBXFileReference; fileEncoding = 4; lastKnownFileType = sourcecode.c.objc; path = TAAnimatedDotView.m; sourceTree = "<group>"; };
		DD1C8E1E1E79480500C98D0A /* TADotView.h */ = {isa = PBXFileReference; fileEncoding = 4; lastKnownFileType = sourcecode.c.h; path = TADotView.h; sourceTree = "<group>"; };
		DD1C8E1F1E79480500C98D0A /* TADotView.m */ = {isa = PBXFileReference; fileEncoding = 4; lastKnownFileType = sourcecode.c.objc; path = TADotView.m; sourceTree = "<group>"; };
		DD1C8E201E79480500C98D0A /* TAPageControl.h */ = {isa = PBXFileReference; fileEncoding = 4; lastKnownFileType = sourcecode.c.h; path = TAPageControl.h; sourceTree = "<group>"; };
		DD1C8E211E79480500C98D0A /* TAPageControl.m */ = {isa = PBXFileReference; fileEncoding = 4; lastKnownFileType = sourcecode.c.objc; path = TAPageControl.m; sourceTree = "<group>"; };
		DD1C8E221E79480500C98D0A /* SDCollectionViewCell.h */ = {isa = PBXFileReference; fileEncoding = 4; lastKnownFileType = sourcecode.c.h; path = SDCollectionViewCell.h; sourceTree = "<group>"; };
		DD1C8E231E79480500C98D0A /* SDCollectionViewCell.m */ = {isa = PBXFileReference; fileEncoding = 4; lastKnownFileType = sourcecode.c.objc; path = SDCollectionViewCell.m; sourceTree = "<group>"; };
		DD1C8E241E79480500C98D0A /* SDCycleScrollView.h */ = {isa = PBXFileReference; fileEncoding = 4; lastKnownFileType = sourcecode.c.h; path = SDCycleScrollView.h; sourceTree = "<group>"; };
		DD1C8E251E79480500C98D0A /* SDCycleScrollView.m */ = {isa = PBXFileReference; fileEncoding = 4; lastKnownFileType = sourcecode.c.objc; path = SDCycleScrollView.m; sourceTree = "<group>"; };
		DD1C8E261E79480500C98D0A /* UIView+SDExtension.h */ = {isa = PBXFileReference; fileEncoding = 4; lastKnownFileType = sourcecode.c.h; path = "UIView+SDExtension.h"; sourceTree = "<group>"; };
		DD1C8E271E79480500C98D0A /* UIView+SDExtension.m */ = {isa = PBXFileReference; fileEncoding = 4; lastKnownFileType = sourcecode.c.objc; path = "UIView+SDExtension.m"; sourceTree = "<group>"; };
		DD1C8E381E794F7400C98D0A /* UIView+EXTention.h */ = {isa = PBXFileReference; fileEncoding = 4; lastKnownFileType = sourcecode.c.h; path = "UIView+EXTention.h"; sourceTree = "<group>"; };
		DD1C8E391E794F7400C98D0A /* UIView+EXTention.m */ = {isa = PBXFileReference; fileEncoding = 4; lastKnownFileType = sourcecode.c.objc; path = "UIView+EXTention.m"; sourceTree = "<group>"; };
		DD1C8E3B1E794F9600C98D0A /* XMGSqaureButton.h */ = {isa = PBXFileReference; fileEncoding = 4; lastKnownFileType = sourcecode.c.h; path = XMGSqaureButton.h; sourceTree = "<group>"; };
		DD1C8E3C1E794F9600C98D0A /* XMGSqaureButton.m */ = {isa = PBXFileReference; fileEncoding = 4; lastKnownFileType = sourcecode.c.objc; path = XMGSqaureButton.m; sourceTree = "<group>"; };
		DD3632191E7B8244007D3CFF /* UINavigationBar+Awesome.h */ = {isa = PBXFileReference; fileEncoding = 4; lastKnownFileType = sourcecode.c.h; path = "UINavigationBar+Awesome.h"; sourceTree = "<group>"; };
		DD36321A1E7B8244007D3CFF /* UINavigationBar+Awesome.m */ = {isa = PBXFileReference; fileEncoding = 4; lastKnownFileType = sourcecode.c.objc; path = "UINavigationBar+Awesome.m"; sourceTree = "<group>"; };
		DD36322F1E7BAE70007D3CFF /* FunctionView.h */ = {isa = PBXFileReference; fileEncoding = 4; lastKnownFileType = sourcecode.c.h; path = FunctionView.h; sourceTree = "<group>"; };
		DD3632301E7BAE70007D3CFF /* FunctionView.m */ = {isa = PBXFileReference; fileEncoding = 4; lastKnownFileType = sourcecode.c.objc; path = FunctionView.m; sourceTree = "<group>"; };
		DD3632311E7BAE70007D3CFF /* HeadView.h */ = {isa = PBXFileReference; fileEncoding = 4; lastKnownFileType = sourcecode.c.h; path = HeadView.h; sourceTree = "<group>"; };
		DD3632321E7BAE70007D3CFF /* HeadView.m */ = {isa = PBXFileReference; fileEncoding = 4; lastKnownFileType = sourcecode.c.objc; path = HeadView.m; sourceTree = "<group>"; };
		DD3632331E7BAE70007D3CFF /* ZYJHeadLineModel.h */ = {isa = PBXFileReference; fileEncoding = 4; lastKnownFileType = sourcecode.c.h; path = ZYJHeadLineModel.h; sourceTree = "<group>"; };
		DD3632341E7BAE70007D3CFF /* ZYJHeadLineModel.m */ = {isa = PBXFileReference; fileEncoding = 4; lastKnownFileType = sourcecode.c.objc; path = ZYJHeadLineModel.m; sourceTree = "<group>"; };
		DD3632351E7BAE70007D3CFF /* ZYJHeadLineView.h */ = {isa = PBXFileReference; fileEncoding = 4; lastKnownFileType = sourcecode.c.h; path = ZYJHeadLineView.h; sourceTree = "<group>"; };
		DD3632361E7BAE70007D3CFF /* ZYJHeadLineView.m */ = {isa = PBXFileReference; fileEncoding = 4; lastKnownFileType = sourcecode.c.objc; path = ZYJHeadLineView.m; sourceTree = "<group>"; };
		DD3E92021E78E6C4006072A6 /* HyperlinksButton.h */ = {isa = PBXFileReference; fileEncoding = 4; lastKnownFileType = sourcecode.c.h; path = HyperlinksButton.h; sourceTree = "<group>"; };
		DD3E92031E78E6C4006072A6 /* HyperlinksButton.m */ = {isa = PBXFileReference; fileEncoding = 4; lastKnownFileType = sourcecode.c.objc; path = HyperlinksButton.m; sourceTree = "<group>"; };
		DD3E92091E78F396006072A6 /* HomeViewController.h */ = {isa = PBXFileReference; fileEncoding = 4; lastKnownFileType = sourcecode.c.h; path = HomeViewController.h; sourceTree = "<group>"; };
		DD3E920A1E78F396006072A6 /* HomeViewController.m */ = {isa = PBXFileReference; fileEncoding = 4; lastKnownFileType = sourcecode.c.objc; path = HomeViewController.m; sourceTree = "<group>"; };
		DD3E920C1E78F39F006072A6 /* MeViewController.h */ = {isa = PBXFileReference; fileEncoding = 4; lastKnownFileType = sourcecode.c.h; path = MeViewController.h; sourceTree = "<group>"; };
		DD3E920D1E78F39F006072A6 /* MeViewController.m */ = {isa = PBXFileReference; fileEncoding = 4; lastKnownFileType = sourcecode.c.objc; path = MeViewController.m; sourceTree = "<group>"; };
		DD3E920F1E78F3C4006072A6 /* JobsViewController.h */ = {isa = PBXFileReference; fileEncoding = 4; lastKnownFileType = sourcecode.c.h; path = JobsViewController.h; sourceTree = "<group>"; };
		DD3E92101E78F3C4006072A6 /* JobsViewController.m */ = {isa = PBXFileReference; fileEncoding = 4; lastKnownFileType = sourcecode.c.objc; path = JobsViewController.m; sourceTree = "<group>"; };
		DD3E92121E78F3CF006072A6 /* NearbyViewController.h */ = {isa = PBXFileReference; fileEncoding = 4; lastKnownFileType = sourcecode.c.h; path = NearbyViewController.h; sourceTree = "<group>"; };
		DD3E92131E78F3CF006072A6 /* NearbyViewController.m */ = {isa = PBXFileReference; fileEncoding = 4; lastKnownFileType = sourcecode.c.objc; path = NearbyViewController.m; sourceTree = "<group>"; };
		DD4BD9BF1E7A59610052A807 /* NSString+MD5.h */ = {isa = PBXFileReference; fileEncoding = 4; lastKnownFileType = sourcecode.c.h; path = "NSString+MD5.h"; sourceTree = "<group>"; };
		DD4BD9C01E7A59610052A807 /* NSString+MD5.m */ = {isa = PBXFileReference; fileEncoding = 4; lastKnownFileType = sourcecode.c.objc; path = "NSString+MD5.m"; sourceTree = "<group>"; };
		DD4BD9C31E7A71150052A807 /* BaseViewController.h */ = {isa = PBXFileReference; fileEncoding = 4; lastKnownFileType = sourcecode.c.h; path = BaseViewController.h; sourceTree = "<group>"; };
		DD4BD9C41E7A71150052A807 /* BaseViewController.m */ = {isa = PBXFileReference; fileEncoding = 4; lastKnownFileType = sourcecode.c.objc; path = BaseViewController.m; sourceTree = "<group>"; };
		DD5C8F281E7BDA6000A6E4CB /* NearbyViewCell.h */ = {isa = PBXFileReference; fileEncoding = 4; lastKnownFileType = sourcecode.c.h; path = NearbyViewCell.h; sourceTree = "<group>"; };
		DD5C8F291E7BDA6000A6E4CB /* NearbyViewCell.m */ = {isa = PBXFileReference; fileEncoding = 4; lastKnownFileType = sourcecode.c.objc; path = NearbyViewCell.m; sourceTree = "<group>"; };
		DD5C8F2D1E7BDF3800A6E4CB /* CouponViewCell.h */ = {isa = PBXFileReference; fileEncoding = 4; lastKnownFileType = sourcecode.c.h; path = CouponViewCell.h; sourceTree = "<group>"; };
		DD5C8F2E1E7BDF3800A6E4CB /* CouponViewCell.m */ = {isa = PBXFileReference; fileEncoding = 4; lastKnownFileType = sourcecode.c.objc; path = CouponViewCell.m; sourceTree = "<group>"; };
		DD5C8F321E7BE37700A6E4CB /* ShopViewCell.h */ = {isa = PBXFileReference; fileEncoding = 4; lastKnownFileType = sourcecode.c.h; path = ShopViewCell.h; sourceTree = "<group>"; };
		DD5C8F331E7BE37700A6E4CB /* ShopViewCell.m */ = {isa = PBXFileReference; fileEncoding = 4; lastKnownFileType = sourcecode.c.objc; path = ShopViewCell.m; sourceTree = "<group>"; };
		DD5C8F371E7BE68300A6E4CB /* EveryDayViewCell.h */ = {isa = PBXFileReference; fileEncoding = 4; lastKnownFileType = sourcecode.c.h; path = EveryDayViewCell.h; sourceTree = "<group>"; };
		DD5C8F381E7BE68300A6E4CB /* EveryDayViewCell.m */ = {isa = PBXFileReference; fileEncoding = 4; lastKnownFileType = sourcecode.c.objc; path = EveryDayViewCell.m; sourceTree = "<group>"; };
		DD5C8F3D1E7BE8F100A6E4CB /* CollectionReusableHeadView.h */ = {isa = PBXFileReference; fileEncoding = 4; lastKnownFileType = sourcecode.c.h; path = CollectionReusableHeadView.h; sourceTree = "<group>"; };
		DD5C8F3E1E7BE8F100A6E4CB /* CollectionReusableHeadView.m */ = {isa = PBXFileReference; fileEncoding = 4; lastKnownFileType = sourcecode.c.objc; path = CollectionReusableHeadView.m; sourceTree = "<group>"; };
		DD5C8F421E7BE99400A6E4CB /* CollectionBottomViewCell.h */ = {isa = PBXFileReference; fileEncoding = 4; lastKnownFileType = sourcecode.c.h; path = CollectionBottomViewCell.h; sourceTree = "<group>"; };
		DD5C8F431E7BE99400A6E4CB /* CollectionBottomViewCell.m */ = {isa = PBXFileReference; fileEncoding = 4; lastKnownFileType = sourcecode.c.objc; path = CollectionBottomViewCell.m; sourceTree = "<group>"; };
		DD69178F1E77CC4200FE865B /* Reachability.h */ = {isa = PBXFileReference; fileEncoding = 4; lastKnownFileType = sourcecode.c.h; path = Reachability.h; sourceTree = "<group>"; };
		DD6917901E77CC4200FE865B /* Reachability.m */ = {isa = PBXFileReference; fileEncoding = 4; lastKnownFileType = sourcecode.c.objc; path = Reachability.m; sourceTree = "<group>"; };
		DDFA124B1E77955C00CF8771 /* FitNess.app */ = {isa = PBXFileReference; explicitFileType = wrapper.application; includeInIndex = 0; path = FitNess.app; sourceTree = BUILT_PRODUCTS_DIR; };
		DDFA124F1E77955C00CF8771 /* main.m */ = {isa = PBXFileReference; lastKnownFileType = sourcecode.c.objc; path = main.m; sourceTree = "<group>"; };
		DDFA12511E77955C00CF8771 /* AppDelegate.h */ = {isa = PBXFileReference; lastKnownFileType = sourcecode.c.h; path = AppDelegate.h; sourceTree = "<group>"; };
		DDFA12521E77955C00CF8771 /* AppDelegate.m */ = {isa = PBXFileReference; lastKnownFileType = sourcecode.c.objc; path = AppDelegate.m; sourceTree = "<group>"; };
		DDFA12581E77955C00CF8771 /* Base */ = {isa = PBXFileReference; lastKnownFileType = file.storyboard; name = Base; path = Base.lproj/Main.storyboard; sourceTree = "<group>"; };
		DDFA125B1E77955D00CF8771 /* FitNess.xcdatamodel */ = {isa = PBXFileReference; lastKnownFileType = wrapper.xcdatamodel; path = FitNess.xcdatamodel; sourceTree = "<group>"; };
		DDFA125D1E77955D00CF8771 /* Assets.xcassets */ = {isa = PBXFileReference; lastKnownFileType = folder.assetcatalog; path = Assets.xcassets; sourceTree = "<group>"; };
		DDFA12601E77955D00CF8771 /* Base */ = {isa = PBXFileReference; lastKnownFileType = file.storyboard; name = Base; path = Base.lproj/LaunchScreen.storyboard; sourceTree = "<group>"; };
		DDFA12621E77955D00CF8771 /* Info.plist */ = {isa = PBXFileReference; lastKnownFileType = text.plist.xml; path = Info.plist; sourceTree = "<group>"; };
		DDFA12671E77955D00CF8771 /* FitNessTests.xctest */ = {isa = PBXFileReference; explicitFileType = wrapper.cfbundle; includeInIndex = 0; path = FitNessTests.xctest; sourceTree = BUILT_PRODUCTS_DIR; };
		DDFA126B1E77955D00CF8771 /* FitNessTests.m */ = {isa = PBXFileReference; lastKnownFileType = sourcecode.c.objc; path = FitNessTests.m; sourceTree = "<group>"; };
		DDFA126D1E77955D00CF8771 /* Info.plist */ = {isa = PBXFileReference; lastKnownFileType = text.plist.xml; path = Info.plist; sourceTree = "<group>"; };
		DDFA12721E77955D00CF8771 /* FitNessUITests.xctest */ = {isa = PBXFileReference; explicitFileType = wrapper.cfbundle; includeInIndex = 0; path = FitNessUITests.xctest; sourceTree = BUILT_PRODUCTS_DIR; };
		DDFA12761E77955D00CF8771 /* FitNessUITests.m */ = {isa = PBXFileReference; lastKnownFileType = sourcecode.c.objc; path = FitNessUITests.m; sourceTree = "<group>"; };
		DDFA12781E77955D00CF8771 /* Info.plist */ = {isa = PBXFileReference; lastKnownFileType = text.plist.xml; path = Info.plist; sourceTree = "<group>"; };
		DDFA128B1E779D0300CF8771 /* TabBarViewController.h */ = {isa = PBXFileReference; fileEncoding = 4; lastKnownFileType = sourcecode.c.h; path = TabBarViewController.h; sourceTree = "<group>"; };
		DDFA128C1E779D0300CF8771 /* TabBarViewController.m */ = {isa = PBXFileReference; fileEncoding = 4; lastKnownFileType = sourcecode.c.objc; path = TabBarViewController.m; sourceTree = "<group>"; };
		DDFA129A1E779E5200CF8771 /* NavViewController.h */ = {isa = PBXFileReference; fileEncoding = 4; lastKnownFileType = sourcecode.c.h; path = NavViewController.h; sourceTree = "<group>"; };
		DDFA129B1E779E5200CF8771 /* NavViewController.m */ = {isa = PBXFileReference; fileEncoding = 4; lastKnownFileType = sourcecode.c.objc; path = NavViewController.m; sourceTree = "<group>"; };
		DDFA129D1E779EC800CF8771 /* PrefixHeader.h */ = {isa = PBXFileReference; lastKnownFileType = sourcecode.c.h; path = PrefixHeader.h; sourceTree = "<group>"; };
		DDFA129F1E77BCDE00CF8771 /* LoginViewController.h */ = {isa = PBXFileReference; fileEncoding = 4; lastKnownFileType = sourcecode.c.h; path = LoginViewController.h; sourceTree = "<group>"; };
		DDFA12A01E77BCDE00CF8771 /* LoginViewController.m */ = {isa = PBXFileReference; fileEncoding = 4; lastKnownFileType = sourcecode.c.objc; path = LoginViewController.m; sourceTree = "<group>"; };
		DDFA12A21E77BCEB00CF8771 /* RegisterViewController.h */ = {isa = PBXFileReference; fileEncoding = 4; lastKnownFileType = sourcecode.c.h; path = RegisterViewController.h; sourceTree = "<group>"; };
		DDFA12A31E77BCEB00CF8771 /* RegisterViewController.m */ = {isa = PBXFileReference; fileEncoding = 4; lastKnownFileType = sourcecode.c.objc; path = RegisterViewController.m; sourceTree = "<group>"; };
		DDFA12A51E77BCF600CF8771 /* ForgetViewController.h */ = {isa = PBXFileReference; fileEncoding = 4; lastKnownFileType = sourcecode.c.h; path = ForgetViewController.h; sourceTree = "<group>"; };
		DDFA12A61E77BCF600CF8771 /* ForgetViewController.m */ = {isa = PBXFileReference; fileEncoding = 4; lastKnownFileType = sourcecode.c.objc; path = ForgetViewController.m; sourceTree = "<group>"; };
		DDFA12A91E77BEDB00CF8771 /* UIViewController+BackVC.h */ = {isa = PBXFileReference; fileEncoding = 4; lastKnownFileType = sourcecode.c.h; path = "UIViewController+BackVC.h"; sourceTree = "<group>"; };
		DDFA12AA1E77BEDB00CF8771 /* UIViewController+BackVC.m */ = {isa = PBXFileReference; fileEncoding = 4; lastKnownFileType = sourcecode.c.objc; path = "UIViewController+BackVC.m"; sourceTree = "<group>"; };
		DDFA12AD1E77C69A00CF8771 /* TouchUIView.h */ = {isa = PBXFileReference; fileEncoding = 4; lastKnownFileType = sourcecode.c.h; path = TouchUIView.h; sourceTree = "<group>"; };
		DDFA12AE1E77C69A00CF8771 /* TouchUIView.m */ = {isa = PBXFileReference; fileEncoding = 4; lastKnownFileType = sourcecode.c.objc; path = TouchUIView.m; sourceTree = "<group>"; };
		DDFA12B01E77C6A500CF8771 /* tools.h */ = {isa = PBXFileReference; fileEncoding = 4; lastKnownFileType = sourcecode.c.h; path = tools.h; sourceTree = "<group>"; };
		DDFA12B11E77C6A500CF8771 /* tools.m */ = {isa = PBXFileReference; fileEncoding = 4; lastKnownFileType = sourcecode.c.objc; path = tools.m; sourceTree = "<group>"; };
		DDFA12B31E77C6B800CF8771 /* ColorFont.h */ = {isa = PBXFileReference; fileEncoding = 4; lastKnownFileType = sourcecode.c.h; path = ColorFont.h; sourceTree = "<group>"; };
		DDFA12B41E77C6B800CF8771 /* ColorFont.m */ = {isa = PBXFileReference; fileEncoding = 4; lastKnownFileType = sourcecode.c.objc; path = ColorFont.m; sourceTree = "<group>"; };
/* End PBXFileReference section */

/* Begin PBXFrameworksBuildPhase section */
		DDFA12481E77955C00CF8771 /* Frameworks */ = {
			isa = PBXFrameworksBuildPhase;
			buildActionMask = 2147483647;
			files = (
				E555DB85657427ED7A2EE6A8 /* libPods-FitNess.a in Frameworks */,
			);
			runOnlyForDeploymentPostprocessing = 0;
		};
		DDFA12641E77955D00CF8771 /* Frameworks */ = {
			isa = PBXFrameworksBuildPhase;
			buildActionMask = 2147483647;
			files = (
			);
			runOnlyForDeploymentPostprocessing = 0;
		};
		DDFA126F1E77955D00CF8771 /* Frameworks */ = {
			isa = PBXFrameworksBuildPhase;
			buildActionMask = 2147483647;
			files = (
			);
			runOnlyForDeploymentPostprocessing = 0;
		};
/* End PBXFrameworksBuildPhase section */

/* Begin PBXGroup section */
		18E3A1E1A5EA99D1C9F2A6C3 /* Frameworks */ = {
			isa = PBXGroup;
			children = (
				D6EF17B06E4EEC987964979D /* libPods-FitNess.a */,
			);
			name = Frameworks;
			sourceTree = "<group>";
		};
		DD1524211E77F71600CF7CB9 /* ServiceAPI */ = {
			isa = PBXGroup;
			children = (
				DD1524221E77F71600CF7CB9 /* ServiceAPI.h */,
				DD1524231E77F71600CF7CB9 /* ServiceAPI.m */,
			);
			path = ServiceAPI;
			sourceTree = "<group>";
		};
		DD1524251E77F8C900CF7CB9 /* XYSpriteView */ = {
			isa = PBXGroup;
			children = (
				DD1524261E77F8C900CF7CB9 /* XYSpriteHelper.h */,
				DD1524271E77F8C900CF7CB9 /* XYSpriteHelper.m */,
				DD1524281E77F8C900CF7CB9 /* XYSpriteView.h */,
				DD1524291E77F8C900CF7CB9 /* XYSpriteView.m */,
			);
			path = XYSpriteView;
			sourceTree = "<group>";
		};
		DD15242F1E77F8FB00CF7CB9 /* HttpUnits */ = {
			isa = PBXGroup;
			children = (
				DD1524301E77F8FB00CF7CB9 /* HttpUnits.h */,
				DD1524311E77F8FB00CF7CB9 /* HttpUnits.m */,
				DD1524321E77F8FB00CF7CB9 /* instruction.strings */,
				DD1524331E77F8FB00CF7CB9 /* rely */,
			);
			path = HttpUnits;
			sourceTree = "<group>";
		};
		DD1524331E77F8FB00CF7CB9 /* rely */ = {
			isa = PBXGroup;
			children = (
				DD1524341E77F8FB00CF7CB9 /* NSObject+SBJson.h */,
				DD1524351E77F8FB00CF7CB9 /* NSObject+SBJson.m */,
				DD1524361E77F8FB00CF7CB9 /* SBJson.h */,
				DD1524371E77F8FB00CF7CB9 /* SBJsonParser.h */,
				DD1524381E77F8FB00CF7CB9 /* SBJsonParser.m */,
				DD1524391E77F8FB00CF7CB9 /* SBJsonStreamParser.h */,
				DD15243A1E77F8FB00CF7CB9 /* SBJsonStreamParser.m */,
				DD15243B1E77F8FB00CF7CB9 /* SBJsonStreamParserAccumulator.h */,
				DD15243C1E77F8FB00CF7CB9 /* SBJsonStreamParserAccumulator.m */,
				DD15243D1E77F8FB00CF7CB9 /* SBJsonStreamParserAdapter.h */,
				DD15243E1E77F8FB00CF7CB9 /* SBJsonStreamParserAdapter.m */,
				DD15243F1E77F8FB00CF7CB9 /* SBJsonStreamParserState.h */,
				DD1524401E77F8FB00CF7CB9 /* SBJsonStreamParserState.m */,
				DD1524411E77F8FB00CF7CB9 /* SBJsonStreamWriter.h */,
				DD1524421E77F8FB00CF7CB9 /* SBJsonStreamWriter.m */,
				DD1524431E77F8FB00CF7CB9 /* SBJsonStreamWriterAccumulator.h */,
				DD1524441E77F8FB00CF7CB9 /* SBJsonStreamWriterAccumulator.m */,
				DD1524451E77F8FB00CF7CB9 /* SBJsonStreamWriterState.h */,
				DD1524461E77F8FB00CF7CB9 /* SBJsonStreamWriterState.m */,
				DD1524471E77F8FB00CF7CB9 /* SBJsonTokeniser.h */,
				DD1524481E77F8FB00CF7CB9 /* SBJsonTokeniser.m */,
				DD1524491E77F8FB00CF7CB9 /* SBJsonUTF8Stream.h */,
				DD15244A1E77F8FB00CF7CB9 /* SBJsonUTF8Stream.m */,
				DD15244B1E77F8FB00CF7CB9 /* SBJsonWriter.h */,
				DD15244C1E77F8FB00CF7CB9 /* SBJsonWriter.m */,
			);
			path = rely;
			sourceTree = "<group>";
		};
		DD1C8DD71E790AF600C98D0A /* MBprogressHUD */ = {
			isa = PBXGroup;
			children = (
				DD1C8DD81E790AF600C98D0A /* MBProgressHUD+Show.h */,
				DD1C8DD91E790AF600C98D0A /* MBProgressHUD+Show.m */,
				DD1C8DDA1E790AF600C98D0A /* MBProgressHUD.bundle */,
				DD1C8DDB1E790AF600C98D0A /* MBProgressHUD.h */,
				DD1C8DDC1E790AF600C98D0A /* MBProgressHUD.m */,
			);
			path = MBprogressHUD;
			sourceTree = "<group>";
		};
		DD1C8E181E79480500C98D0A /* SDCycleScrollView */ = {
			isa = PBXGroup;
			children = (
				DD1C8E191E79480500C98D0A /* PageControl */,
				DD1C8E221E79480500C98D0A /* SDCollectionViewCell.h */,
				DD1C8E231E79480500C98D0A /* SDCollectionViewCell.m */,
				DD1C8E241E79480500C98D0A /* SDCycleScrollView.h */,
				DD1C8E251E79480500C98D0A /* SDCycleScrollView.m */,
				DD1C8E261E79480500C98D0A /* UIView+SDExtension.h */,
				DD1C8E271E79480500C98D0A /* UIView+SDExtension.m */,
			);
			path = SDCycleScrollView;
			sourceTree = "<group>";
		};
		DD1C8E191E79480500C98D0A /* PageControl */ = {
			isa = PBXGroup;
			children = (
				DD1C8E1A1E79480500C98D0A /* TAAbstractDotView.h */,
				DD1C8E1B1E79480500C98D0A /* TAAbstractDotView.m */,
				DD1C8E1C1E79480500C98D0A /* TAAnimatedDotView.h */,
				DD1C8E1D1E79480500C98D0A /* TAAnimatedDotView.m */,
				DD1C8E1E1E79480500C98D0A /* TADotView.h */,
				DD1C8E1F1E79480500C98D0A /* TADotView.m */,
				DD1C8E201E79480500C98D0A /* TAPageControl.h */,
				DD1C8E211E79480500C98D0A /* TAPageControl.m */,
			);
			path = PageControl;
			sourceTree = "<group>";
		};
		DD36322E1E7BAE70007D3CFF /* HomeTopView */ = {
			isa = PBXGroup;
			children = (
				DD36322F1E7BAE70007D3CFF /* FunctionView.h */,
				DD3632301E7BAE70007D3CFF /* FunctionView.m */,
				DD3632311E7BAE70007D3CFF /* HeadView.h */,
				DD3632321E7BAE70007D3CFF /* HeadView.m */,
				DD3632331E7BAE70007D3CFF /* ZYJHeadLineModel.h */,
				DD3632341E7BAE70007D3CFF /* ZYJHeadLineModel.m */,
				DD3632351E7BAE70007D3CFF /* ZYJHeadLineView.h */,
				DD3632361E7BAE70007D3CFF /* ZYJHeadLineView.m */,
			);
			path = HomeTopView;
			sourceTree = "<group>";
		};
		DD36323C1E7BAE98007D3CFF /* HomeMiddleView */ = {
			isa = PBXGroup;
			children = (
				DD0955381E7CCD89003344C9 /* GiftwareViewCell.h */,
				DD0955391E7CCD89003344C9 /* GiftwareViewCell.m */,
				DD5C8F281E7BDA6000A6E4CB /* NearbyViewCell.h */,
				DD5C8F291E7BDA6000A6E4CB /* NearbyViewCell.m */,
				DD5C8F2D1E7BDF3800A6E4CB /* CouponViewCell.h */,
				DD5C8F2E1E7BDF3800A6E4CB /* CouponViewCell.m */,
				DD5C8F321E7BE37700A6E4CB /* ShopViewCell.h */,
				DD5C8F331E7BE37700A6E4CB /* ShopViewCell.m */,
				DD5C8F371E7BE68300A6E4CB /* EveryDayViewCell.h */,
				DD5C8F381E7BE68300A6E4CB /* EveryDayViewCell.m */,
			);
			path = HomeMiddleView;
			sourceTree = "<group>";
		};
		DD3E92051E78F2F4006072A6 /* Home */ = {
			isa = PBXGroup;
			children = (
				DD3E92091E78F396006072A6 /* HomeViewController.h */,
				DD3E920A1E78F396006072A6 /* HomeViewController.m */,
			);
			path = Home;
			sourceTree = "<group>";
		};
		DD3E92061E78F30C006072A6 /* Nearby */ = {
			isa = PBXGroup;
			children = (
				DD3E92121E78F3CF006072A6 /* NearbyViewController.h */,
				DD3E92131E78F3CF006072A6 /* NearbyViewController.m */,
			);
			path = Nearby;
			sourceTree = "<group>";
		};
		DD3E92071E78F32A006072A6 /* Jobs */ = {
			isa = PBXGroup;
			children = (
				DD3E920F1E78F3C4006072A6 /* JobsViewController.h */,
				DD3E92101E78F3C4006072A6 /* JobsViewController.m */,
			);
			path = Jobs;
			sourceTree = "<group>";
		};
		DD3E92081E78F333006072A6 /* Me */ = {
			isa = PBXGroup;
			children = (
				DD3E920C1E78F39F006072A6 /* MeViewController.h */,
				DD3E920D1E78F39F006072A6 /* MeViewController.m */,
			);
			path = Me;
			sourceTree = "<group>";
		};
		DD4BD9C21E7A70FB0052A807 /* ViewController */ = {
			isa = PBXGroup;
			children = (
				DD4BD9C31E7A71150052A807 /* BaseViewController.h */,
				DD4BD9C41E7A71150052A807 /* BaseViewController.m */,
			);
			path = ViewController;
			sourceTree = "<group>";
		};
		DD5C8F3C1E7BE8C900A6E4CB /* HomeBottomView */ = {
			isa = PBXGroup;
			children = (
				DD5C8F3D1E7BE8F100A6E4CB /* CollectionReusableHeadView.h */,
				DD5C8F3E1E7BE8F100A6E4CB /* CollectionReusableHeadView.m */,
				DD5C8F421E7BE99400A6E4CB /* CollectionBottomViewCell.h */,
				DD5C8F431E7BE99400A6E4CB /* CollectionBottomViewCell.m */,
			);
			path = HomeBottomView;
			sourceTree = "<group>";
		};
		DDFA12421E77955C00CF8771 = {
			isa = PBXGroup;
			children = (
				DDFA124D1E77955C00CF8771 /* FitNess */,
				DDFA126A1E77955D00CF8771 /* FitNessTests */,
				DDFA12751E77955D00CF8771 /* FitNessUITests */,
				DDFA124C1E77955C00CF8771 /* Products */,
				E001011E799D35E26118D5DB /* Pods */,
				18E3A1E1A5EA99D1C9F2A6C3 /* Frameworks */,
			);
			sourceTree = "<group>";
		};
		DDFA124C1E77955C00CF8771 /* Products */ = {
			isa = PBXGroup;
			children = (
				DDFA124B1E77955C00CF8771 /* FitNess.app */,
				DDFA12671E77955D00CF8771 /* FitNessTests.xctest */,
				DDFA12721E77955D00CF8771 /* FitNessUITests.xctest */,
			);
			name = Products;
			sourceTree = "<group>";
		};
		DDFA124D1E77955C00CF8771 /* FitNess */ = {
			isa = PBXGroup;
			children = (
				DDFA12841E77990900CF8771 /* Model */,
				DDFA12851E77994700CF8771 /* View */,
				DDFA12861E77997C00CF8771 /* ViewController */,
				DDFA12871E77998800CF8771 /* Other */,
				DDFA12881E7799C400CF8771 /* Constants */,
				DDFA12891E7799E400CF8771 /* Librarys */,
				DDFA12511E77955C00CF8771 /* AppDelegate.h */,
				DDFA12521E77955C00CF8771 /* AppDelegate.m */,
				DDFA129D1E779EC800CF8771 /* PrefixHeader.h */,
				DDFA12571E77955C00CF8771 /* Main.storyboard */,
				DDFA125D1E77955D00CF8771 /* Assets.xcassets */,
				DDFA125F1E77955D00CF8771 /* LaunchScreen.storyboard */,
				DDFA12621E77955D00CF8771 /* Info.plist */,
				DDFA125A1E77955D00CF8771 /* FitNess.xcdatamodeld */,
				DDFA124E1E77955C00CF8771 /* Supporting Files */,
			);
			path = FitNess;
			sourceTree = "<group>";
		};
		DDFA124E1E77955C00CF8771 /* Supporting Files */ = {
			isa = PBXGroup;
			children = (
				DDFA124F1E77955C00CF8771 /* main.m */,
			);
			name = "Supporting Files";
			sourceTree = "<group>";
		};
		DDFA126A1E77955D00CF8771 /* FitNessTests */ = {
			isa = PBXGroup;
			children = (
				DDFA126B1E77955D00CF8771 /* FitNessTests.m */,
				DDFA126D1E77955D00CF8771 /* Info.plist */,
			);
			path = FitNessTests;
			sourceTree = "<group>";
		};
		DDFA12751E77955D00CF8771 /* FitNessUITests */ = {
			isa = PBXGroup;
			children = (
				DDFA12761E77955D00CF8771 /* FitNessUITests.m */,
				DDFA12781E77955D00CF8771 /* Info.plist */,
			);
			path = FitNessUITests;
			sourceTree = "<group>";
		};
		DDFA12841E77990900CF8771 /* Model */ = {
			isa = PBXGroup;
			children = (
			);
			path = Model;
			sourceTree = "<group>";
		};
		DDFA12851E77994700CF8771 /* View */ = {
			isa = PBXGroup;
			children = (
				DD5C8F3C1E7BE8C900A6E4CB /* HomeBottomView */,
				DD36323C1E7BAE98007D3CFF /* HomeMiddleView */,
				DD36322E1E7BAE70007D3CFF /* HomeTopView */,
			);
			path = View;
			sourceTree = "<group>";
		};
		DDFA12861E77997C00CF8771 /* ViewController */ = {
			isa = PBXGroup;
			children = (
				DD3E92051E78F2F4006072A6 /* Home */,
				DD3E92061E78F30C006072A6 /* Nearby */,
				DD3E92071E78F32A006072A6 /* Jobs */,
				DD3E92081E78F333006072A6 /* Me */,
				DDFA129E1E77BCCC00CF8771 /* LoginRegister */,
			);
			path = ViewController;
			sourceTree = "<group>";
		};
		DDFA12871E77998800CF8771 /* Other */ = {
			isa = PBXGroup;
			children = (
				DD4BD9C21E7A70FB0052A807 /* ViewController */,
				DDFA12AC1E77C68600CF8771 /* View */,
				DDFA12A81E77BEC500CF8771 /* Catagory */,
				DDFA128A1E779CCD00CF8771 /* TabBar */,
			);
			path = Other;
			sourceTree = "<group>";
		};
		DDFA12881E7799C400CF8771 /* Constants */ = {
			isa = PBXGroup;
			children = (
				DD15242C1E77F8DD00CF7CB9 /* Constants.h */,
				DD15242D1E77F8DD00CF7CB9 /* Constants.m */,
			);
			path = Constants;
			sourceTree = "<group>";
		};
		DDFA12891E7799E400CF8771 /* Librarys */ = {
			isa = PBXGroup;
			children = (
				DD1C8E181E79480500C98D0A /* SDCycleScrollView */,
				DD1C8DD71E790AF600C98D0A /* MBprogressHUD */,
				DD15242F1E77F8FB00CF7CB9 /* HttpUnits */,
				DD1524251E77F8C900CF7CB9 /* XYSpriteView */,
				DD1524211E77F71600CF7CB9 /* ServiceAPI */,
			);
			path = Librarys;
			sourceTree = "<group>";
		};
		DDFA128A1E779CCD00CF8771 /* TabBar */ = {
			isa = PBXGroup;
			children = (
				DDFA128B1E779D0300CF8771 /* TabBarViewController.h */,
				DDFA128C1E779D0300CF8771 /* TabBarViewController.m */,
				DDFA129A1E779E5200CF8771 /* NavViewController.h */,
				DDFA129B1E779E5200CF8771 /* NavViewController.m */,
			);
			path = TabBar;
			sourceTree = "<group>";
		};
		DDFA129E1E77BCCC00CF8771 /* LoginRegister */ = {
			isa = PBXGroup;
			children = (
				DDFA129F1E77BCDE00CF8771 /* LoginViewController.h */,
				DDFA12A01E77BCDE00CF8771 /* LoginViewController.m */,
				DDFA12A21E77BCEB00CF8771 /* RegisterViewController.h */,
				DDFA12A31E77BCEB00CF8771 /* RegisterViewController.m */,
				DDFA12A51E77BCF600CF8771 /* ForgetViewController.h */,
				DDFA12A61E77BCF600CF8771 /* ForgetViewController.m */,
				DD1C8DF71E79270100C98D0A /* ShortcutViewController.h */,
				DD1C8DF81E79270100C98D0A /* ShortcutViewController.m */,
			);
			path = LoginRegister;
			sourceTree = "<group>";
		};
		DDFA12A81E77BEC500CF8771 /* Catagory */ = {
			isa = PBXGroup;
			children = (
				DD3632191E7B8244007D3CFF /* UINavigationBar+Awesome.h */,
				DD36321A1E7B8244007D3CFF /* UINavigationBar+Awesome.m */,
				DD1C8E381E794F7400C98D0A /* UIView+EXTention.h */,
				DD1C8E391E794F7400C98D0A /* UIView+EXTention.m */,
				DDFA12A91E77BEDB00CF8771 /* UIViewController+BackVC.h */,
				DDFA12AA1E77BEDB00CF8771 /* UIViewController+BackVC.m */,
				DD15241B1E77E1F000CF7CB9 /* UIButton+ImageTitleSpacing.h */,
				DD15241C1E77E1F000CF7CB9 /* UIButton+ImageTitleSpacing.m */,
				DD4BD9BF1E7A59610052A807 /* NSString+MD5.h */,
				DD4BD9C01E7A59610052A807 /* NSString+MD5.m */,
			);
			path = Catagory;
			sourceTree = "<group>";
		};
		DDFA12AC1E77C68600CF8771 /* View */ = {
			isa = PBXGroup;
			children = (
				DD1C8E3B1E794F9600C98D0A /* XMGSqaureButton.h */,
				DD1C8E3C1E794F9600C98D0A /* XMGSqaureButton.m */,
				DD3E92021E78E6C4006072A6 /* HyperlinksButton.h */,
				DD3E92031E78E6C4006072A6 /* HyperlinksButton.m */,
				DD69178F1E77CC4200FE865B /* Reachability.h */,
				DD6917901E77CC4200FE865B /* Reachability.m */,
				DDFA12B31E77C6B800CF8771 /* ColorFont.h */,
				DDFA12B41E77C6B800CF8771 /* ColorFont.m */,
				DDFA12B01E77C6A500CF8771 /* tools.h */,
				DDFA12B11E77C6A500CF8771 /* tools.m */,
				DDFA12AD1E77C69A00CF8771 /* TouchUIView.h */,
				DDFA12AE1E77C69A00CF8771 /* TouchUIView.m */,
			);
			path = View;
			sourceTree = "<group>";
		};
		E001011E799D35E26118D5DB /* Pods */ = {
			isa = PBXGroup;
			children = (
				2158D8FD2210AF3BB64DB772 /* Pods-FitNess.debug.xcconfig */,
				5C6E77572590A4D8719F248E /* Pods-FitNess.release.xcconfig */,
			);
			name = Pods;
			sourceTree = "<group>";
		};
/* End PBXGroup section */

/* Begin PBXNativeTarget section */
		DDFA124A1E77955C00CF8771 /* FitNess */ = {
			isa = PBXNativeTarget;
			buildConfigurationList = DDFA127B1E77955D00CF8771 /* Build configuration list for PBXNativeTarget "FitNess" */;
			buildPhases = (
				BA4B3FEE9CF74A4945D72E1F /* [CP] Check Pods Manifest.lock */,
				DDFA12471E77955C00CF8771 /* Sources */,
				DDFA12481E77955C00CF8771 /* Frameworks */,
				DDFA12491E77955C00CF8771 /* Resources */,
				AD47A74497AD8134A9F8A2AE /* [CP] Embed Pods Frameworks */,
				40A03CFDA6D0500796AE4264 /* [CP] Copy Pods Resources */,
			);
			buildRules = (
			);
			dependencies = (
			);
			name = FitNess;
			productName = FitNess;
			productReference = DDFA124B1E77955C00CF8771 /* FitNess.app */;
			productType = "com.apple.product-type.application";
		};
		DDFA12661E77955D00CF8771 /* FitNessTests */ = {
			isa = PBXNativeTarget;
			buildConfigurationList = DDFA127E1E77955D00CF8771 /* Build configuration list for PBXNativeTarget "FitNessTests" */;
			buildPhases = (
				DDFA12631E77955D00CF8771 /* Sources */,
				DDFA12641E77955D00CF8771 /* Frameworks */,
				DDFA12651E77955D00CF8771 /* Resources */,
			);
			buildRules = (
			);
			dependencies = (
				DDFA12691E77955D00CF8771 /* PBXTargetDependency */,
			);
			name = FitNessTests;
			productName = FitNessTests;
			productReference = DDFA12671E77955D00CF8771 /* FitNessTests.xctest */;
			productType = "com.apple.product-type.bundle.unit-test";
		};
		DDFA12711E77955D00CF8771 /* FitNessUITests */ = {
			isa = PBXNativeTarget;
			buildConfigurationList = DDFA12811E77955D00CF8771 /* Build configuration list for PBXNativeTarget "FitNessUITests" */;
			buildPhases = (
				DDFA126E1E77955D00CF8771 /* Sources */,
				DDFA126F1E77955D00CF8771 /* Frameworks */,
				DDFA12701E77955D00CF8771 /* Resources */,
			);
			buildRules = (
			);
			dependencies = (
				DDFA12741E77955D00CF8771 /* PBXTargetDependency */,
			);
			name = FitNessUITests;
			productName = FitNessUITests;
			productReference = DDFA12721E77955D00CF8771 /* FitNessUITests.xctest */;
			productType = "com.apple.product-type.bundle.ui-testing";
		};
/* End PBXNativeTarget section */

/* Begin PBXProject section */
		DDFA12431E77955C00CF8771 /* Project object */ = {
			isa = PBXProject;
			attributes = {
				LastUpgradeCheck = 0820;
				ORGANIZATIONNAME = xuqq;
				TargetAttributes = {
					DDFA124A1E77955C00CF8771 = {
						CreatedOnToolsVersion = 8.2.1;
						DevelopmentTeam = Y2548TFM6N;
						ProvisioningStyle = Automatic;
					};
					DDFA12661E77955D00CF8771 = {
						CreatedOnToolsVersion = 8.2.1;
						DevelopmentTeam = Y2548TFM6N;
						ProvisioningStyle = Automatic;
						TestTargetID = DDFA124A1E77955C00CF8771;
					};
					DDFA12711E77955D00CF8771 = {
						CreatedOnToolsVersion = 8.2.1;
						DevelopmentTeam = Y2548TFM6N;
						ProvisioningStyle = Automatic;
						TestTargetID = DDFA124A1E77955C00CF8771;
					};
				};
			};
			buildConfigurationList = DDFA12461E77955C00CF8771 /* Build configuration list for PBXProject "FitNess" */;
			compatibilityVersion = "Xcode 3.2";
			developmentRegion = English;
			hasScannedForEncodings = 0;
			knownRegions = (
				en,
				Base,
			);
			mainGroup = DDFA12421E77955C00CF8771;
			productRefGroup = DDFA124C1E77955C00CF8771 /* Products */;
			projectDirPath = "";
			projectRoot = "";
			targets = (
				DDFA124A1E77955C00CF8771 /* FitNess */,
				DDFA12661E77955D00CF8771 /* FitNessTests */,
				DDFA12711E77955D00CF8771 /* FitNessUITests */,
			);
		};
/* End PBXProject section */

/* Begin PBXResourcesBuildPhase section */
		DDFA12491E77955C00CF8771 /* Resources */ = {
			isa = PBXResourcesBuildPhase;
			buildActionMask = 2147483647;
			files = (
				DDFA12611E77955D00CF8771 /* LaunchScreen.storyboard in Resources */,
				DD15244E1E77F8FB00CF7CB9 /* instruction.strings in Resources */,
				DD1C8DDE1E790AF600C98D0A /* MBProgressHUD.bundle in Resources */,
				DDFA125E1E77955D00CF8771 /* Assets.xcassets in Resources */,
				DDFA12591E77955C00CF8771 /* Main.storyboard in Resources */,
			);
			runOnlyForDeploymentPostprocessing = 0;
		};
		DDFA12651E77955D00CF8771 /* Resources */ = {
			isa = PBXResourcesBuildPhase;
			buildActionMask = 2147483647;
			files = (
			);
			runOnlyForDeploymentPostprocessing = 0;
		};
		DDFA12701E77955D00CF8771 /* Resources */ = {
			isa = PBXResourcesBuildPhase;
			buildActionMask = 2147483647;
			files = (
			);
			runOnlyForDeploymentPostprocessing = 0;
		};
/* End PBXResourcesBuildPhase section */

/* Begin PBXShellScriptBuildPhase section */
		40A03CFDA6D0500796AE4264 /* [CP] Copy Pods Resources */ = {
			isa = PBXShellScriptBuildPhase;
			buildActionMask = 2147483647;
			files = (
			);
			inputPaths = (
			);
			name = "[CP] Copy Pods Resources";
			outputPaths = (
			);
			runOnlyForDeploymentPostprocessing = 0;
			shellPath = /bin/sh;
			shellScript = "\"${SRCROOT}/Pods/Target Support Files/Pods-FitNess/Pods-FitNess-resources.sh\"\n";
			showEnvVarsInLog = 0;
		};
		AD47A74497AD8134A9F8A2AE /* [CP] Embed Pods Frameworks */ = {
			isa = PBXShellScriptBuildPhase;
			buildActionMask = 2147483647;
			files = (
			);
			inputPaths = (
			);
			name = "[CP] Embed Pods Frameworks";
			outputPaths = (
			);
			runOnlyForDeploymentPostprocessing = 0;
			shellPath = /bin/sh;
			shellScript = "\"${SRCROOT}/Pods/Target Support Files/Pods-FitNess/Pods-FitNess-frameworks.sh\"\n";
			showEnvVarsInLog = 0;
		};
		BA4B3FEE9CF74A4945D72E1F /* [CP] Check Pods Manifest.lock */ = {
			isa = PBXShellScriptBuildPhase;
			buildActionMask = 2147483647;
			files = (
			);
			inputPaths = (
			);
			name = "[CP] Check Pods Manifest.lock";
			outputPaths = (
			);
			runOnlyForDeploymentPostprocessing = 0;
			shellPath = /bin/sh;
			shellScript = "diff \"${PODS_ROOT}/../Podfile.lock\" \"${PODS_ROOT}/Manifest.lock\" > /dev/null\nif [ $? != 0 ] ; then\n    # print error to STDERR\n    echo \"error: The sandbox is not in sync with the Podfile.lock. Run 'pod install' or update your CocoaPods installation.\" >&2\n    exit 1\nfi\n";
			showEnvVarsInLog = 0;
		};
/* End PBXShellScriptBuildPhase section */

/* Begin PBXSourcesBuildPhase section */
		DDFA12471E77955C00CF8771 /* Sources */ = {
			isa = PBXSourcesBuildPhase;
			buildActionMask = 2147483647;
			files = (
				DD1524551E77F8FB00CF7CB9 /* SBJsonStreamWriter.m in Sources */,
				DD3E92041E78E6C4006072A6 /* HyperlinksButton.m in Sources */,
				DD4BD9C11E7A59610052A807 /* NSString+MD5.m in Sources */,
				DD1C8E3D1E794F9600C98D0A /* XMGSqaureButton.m in Sources */,
				DDFA12A41E77BCEB00CF8771 /* RegisterViewController.m in Sources */,
				DDFA129C1E779E5200CF8771 /* NavViewController.m in Sources */,
				DD3632371E7BAE70007D3CFF /* FunctionView.m in Sources */,
				DD1524541E77F8FB00CF7CB9 /* SBJsonStreamParserState.m in Sources */,
				DD4BD9C51E7A71150052A807 /* BaseViewController.m in Sources */,
				DD3632391E7BAE70007D3CFF /* ZYJHeadLineModel.m in Sources */,
				DDFA12B21E77C6A500CF8771 /* tools.m in Sources */,
				DDFA128D1E779D0300CF8771 /* TabBarViewController.m in Sources */,
				DD1C8E2E1E79480500C98D0A /* UIView+SDExtension.m in Sources */,
				DD15242E1E77F8DD00CF7CB9 /* Constants.m in Sources */,
				DD1524511E77F8FB00CF7CB9 /* SBJsonStreamParser.m in Sources */,
				DDFA12AF1E77C69A00CF8771 /* TouchUIView.m in Sources */,
				DD1524241E77F71600CF7CB9 /* ServiceAPI.m in Sources */,
				DD09553A1E7CCD89003344C9 /* GiftwareViewCell.m in Sources */,
				DD15244F1E77F8FB00CF7CB9 /* NSObject+SBJson.m in Sources */,
				DD1C8DDD1E790AF600C98D0A /* MBProgressHUD+Show.m in Sources */,
				DD5C8F451E7BE99400A6E4CB /* CollectionBottomViewCell.m in Sources */,
				DD5C8F401E7BE8F100A6E4CB /* CollectionReusableHeadView.m in Sources */,
				DDFA125C1E77955D00CF8771 /* FitNess.xcdatamodeld in Sources */,
				DD15245A1E77F8FB00CF7CB9 /* SBJsonWriter.m in Sources */,
				DD15244D1E77F8FB00CF7CB9 /* HttpUnits.m in Sources */,
				DD15242B1E77F8C900CF7CB9 /* XYSpriteView.m in Sources */,
				DD1C8E2B1E79480500C98D0A /* TAPageControl.m in Sources */,
				DD1524571E77F8FB00CF7CB9 /* SBJsonStreamWriterState.m in Sources */,
				DD5C8F2B1E7BDA6000A6E4CB /* NearbyViewCell.m in Sources */,
				DDFA12A11E77BCDE00CF8771 /* LoginViewController.m in Sources */,
				DD1524581E77F8FB00CF7CB9 /* SBJsonTokeniser.m in Sources */,
				DD1524591E77F8FB00CF7CB9 /* SBJsonUTF8Stream.m in Sources */,
				DD3E92111E78F3C4006072A6 /* JobsViewController.m in Sources */,
				DD1C8DDF1E790AF600C98D0A /* MBProgressHUD.m in Sources */,
				DD5C8F351E7BE37700A6E4CB /* ShopViewCell.m in Sources */,
				DD15241D1E77E1F000CF7CB9 /* UIButton+ImageTitleSpacing.m in Sources */,
				DDFA12531E77955C00CF8771 /* AppDelegate.m in Sources */,
				DD1524561E77F8FB00CF7CB9 /* SBJsonStreamWriterAccumulator.m in Sources */,
				DD3E920B1E78F396006072A6 /* HomeViewController.m in Sources */,
				DDFA12A71E77BCF600CF8771 /* ForgetViewController.m in Sources */,
				DD5C8F3A1E7BE68300A6E4CB /* EveryDayViewCell.m in Sources */,
				DD1524501E77F8FB00CF7CB9 /* SBJsonParser.m in Sources */,
				DD1C8E3A1E794F7400C98D0A /* UIView+EXTention.m in Sources */,
				DDFA12B51E77C6B800CF8771 /* ColorFont.m in Sources */,
				DD1C8DF91E79270100C98D0A /* ShortcutViewController.m in Sources */,
				DD1C8E281E79480500C98D0A /* TAAbstractDotView.m in Sources */,
				DD36321B1E7B8244007D3CFF /* UINavigationBar+Awesome.m in Sources */,
				DD15242A1E77F8C900CF7CB9 /* XYSpriteHelper.m in Sources */,
				DD3632381E7BAE70007D3CFF /* HeadView.m in Sources */,
				DD3E92141E78F3CF006072A6 /* NearbyViewController.m in Sources */,
				DDFA12AB1E77BEDB00CF8771 /* UIViewController+BackVC.m in Sources */,
				DD1C8E291E79480500C98D0A /* TAAnimatedDotView.m in Sources */,
				DD3E920E1E78F39F006072A6 /* MeViewController.m in Sources */,
				DD5C8F301E7BDF3800A6E4CB /* CouponViewCell.m in Sources */,
				DDFA12501E77955C00CF8771 /* main.m in Sources */,
				DD36323A1E7BAE70007D3CFF /* ZYJHeadLineView.m in Sources */,
				DD1C8E2C1E79480500C98D0A /* SDCollectionViewCell.m in Sources */,
				DD1524531E77F8FB00CF7CB9 /* SBJsonStreamParserAdapter.m in Sources */,
				DD1C8E2A1E79480500C98D0A /* TADotView.m in Sources */,
				DD1524521E77F8FB00CF7CB9 /* SBJsonStreamParserAccumulator.m in Sources */,
				DD1C8E2D1E79480500C98D0A /* SDCycleScrollView.m in Sources */,
				DD6917911E77CC4200FE865B /* Reachability.m in Sources */,
			);
			runOnlyForDeploymentPostprocessing = 0;
		};
		DDFA12631E77955D00CF8771 /* Sources */ = {
			isa = PBXSourcesBuildPhase;
			buildActionMask = 2147483647;
			files = (
				DDFA126C1E77955D00CF8771 /* FitNessTests.m in Sources */,
			);
			runOnlyForDeploymentPostprocessing = 0;
		};
		DDFA126E1E77955D00CF8771 /* Sources */ = {
			isa = PBXSourcesBuildPhase;
			buildActionMask = 2147483647;
			files = (
				DDFA12771E77955D00CF8771 /* FitNessUITests.m in Sources */,
			);
			runOnlyForDeploymentPostprocessing = 0;
		};
/* End PBXSourcesBuildPhase section */

/* Begin PBXTargetDependency section */
		DDFA12691E77955D00CF8771 /* PBXTargetDependency */ = {
			isa = PBXTargetDependency;
			target = DDFA124A1E77955C00CF8771 /* FitNess */;
			targetProxy = DDFA12681E77955D00CF8771 /* PBXContainerItemProxy */;
		};
		DDFA12741E77955D00CF8771 /* PBXTargetDependency */ = {
			isa = PBXTargetDependency;
			target = DDFA124A1E77955C00CF8771 /* FitNess */;
			targetProxy = DDFA12731E77955D00CF8771 /* PBXContainerItemProxy */;
		};
/* End PBXTargetDependency section */

/* Begin PBXVariantGroup section */
		DDFA12571E77955C00CF8771 /* Main.storyboard */ = {
			isa = PBXVariantGroup;
			children = (
				DDFA12581E77955C00CF8771 /* Base */,
			);
			name = Main.storyboard;
			sourceTree = "<group>";
		};
		DDFA125F1E77955D00CF8771 /* LaunchScreen.storyboard */ = {
			isa = PBXVariantGroup;
			children = (
				DDFA12601E77955D00CF8771 /* Base */,
			);
			name = LaunchScreen.storyboard;
			sourceTree = "<group>";
		};
/* End PBXVariantGroup section */

/* Begin XCBuildConfiguration section */
		DDFA12791E77955D00CF8771 /* Debug */ = {
			isa = XCBuildConfiguration;
			buildSettings = {
				ALWAYS_SEARCH_USER_PATHS = NO;
				CLANG_ANALYZER_NONNULL = YES;
				CLANG_CXX_LANGUAGE_STANDARD = "gnu++0x";
				CLANG_CXX_LIBRARY = "libc++";
				CLANG_ENABLE_MODULES = YES;
				CLANG_ENABLE_OBJC_ARC = YES;
				CLANG_WARN_BOOL_CONVERSION = YES;
				CLANG_WARN_CONSTANT_CONVERSION = YES;
				CLANG_WARN_DIRECT_OBJC_ISA_USAGE = YES_ERROR;
				CLANG_WARN_DOCUMENTATION_COMMENTS = YES;
				CLANG_WARN_EMPTY_BODY = YES;
				CLANG_WARN_ENUM_CONVERSION = YES;
				CLANG_WARN_INFINITE_RECURSION = YES;
				CLANG_WARN_INT_CONVERSION = YES;
				CLANG_WARN_OBJC_ROOT_CLASS = YES_ERROR;
				CLANG_WARN_SUSPICIOUS_MOVE = YES;
				CLANG_WARN_UNREACHABLE_CODE = YES;
				CLANG_WARN__DUPLICATE_METHOD_MATCH = YES;
				"CODE_SIGN_IDENTITY[sdk=iphoneos*]" = "iPhone Developer";
				COPY_PHASE_STRIP = NO;
				DEBUG_INFORMATION_FORMAT = dwarf;
				ENABLE_STRICT_OBJC_MSGSEND = YES;
				ENABLE_TESTABILITY = YES;
				GCC_C_LANGUAGE_STANDARD = gnu99;
				GCC_DYNAMIC_NO_PIC = NO;
				GCC_NO_COMMON_BLOCKS = YES;
				GCC_OPTIMIZATION_LEVEL = 0;
				GCC_PREPROCESSOR_DEFINITIONS = (
					"DEBUG=1",
					"$(inherited)",
				);
				GCC_WARN_64_TO_32_BIT_CONVERSION = YES;
				GCC_WARN_ABOUT_RETURN_TYPE = YES_ERROR;
				GCC_WARN_UNDECLARED_SELECTOR = YES;
				GCC_WARN_UNINITIALIZED_AUTOS = YES_AGGRESSIVE;
				GCC_WARN_UNUSED_FUNCTION = YES;
				GCC_WARN_UNUSED_VARIABLE = YES;
				IPHONEOS_DEPLOYMENT_TARGET = 10.2;
				MTL_ENABLE_DEBUG_INFO = YES;
				ONLY_ACTIVE_ARCH = YES;
				SDKROOT = iphoneos;
				TARGETED_DEVICE_FAMILY = "1,2";
			};
			name = Debug;
		};
		DDFA127A1E77955D00CF8771 /* Release */ = {
			isa = XCBuildConfiguration;
			buildSettings = {
				ALWAYS_SEARCH_USER_PATHS = NO;
				CLANG_ANALYZER_NONNULL = YES;
				CLANG_CXX_LANGUAGE_STANDARD = "gnu++0x";
				CLANG_CXX_LIBRARY = "libc++";
				CLANG_ENABLE_MODULES = YES;
				CLANG_ENABLE_OBJC_ARC = YES;
				CLANG_WARN_BOOL_CONVERSION = YES;
				CLANG_WARN_CONSTANT_CONVERSION = YES;
				CLANG_WARN_DIRECT_OBJC_ISA_USAGE = YES_ERROR;
				CLANG_WARN_DOCUMENTATION_COMMENTS = YES;
				CLANG_WARN_EMPTY_BODY = YES;
				CLANG_WARN_ENUM_CONVERSION = YES;
				CLANG_WARN_INFINITE_RECURSION = YES;
				CLANG_WARN_INT_CONVERSION = YES;
				CLANG_WARN_OBJC_ROOT_CLASS = YES_ERROR;
				CLANG_WARN_SUSPICIOUS_MOVE = YES;
				CLANG_WARN_UNREACHABLE_CODE = YES;
				CLANG_WARN__DUPLICATE_METHOD_MATCH = YES;
				"CODE_SIGN_IDENTITY[sdk=iphoneos*]" = "iPhone Developer";
				COPY_PHASE_STRIP = NO;
				DEBUG_INFORMATION_FORMAT = "dwarf-with-dsym";
				ENABLE_NS_ASSERTIONS = NO;
				ENABLE_STRICT_OBJC_MSGSEND = YES;
				GCC_C_LANGUAGE_STANDARD = gnu99;
				GCC_NO_COMMON_BLOCKS = YES;
				GCC_WARN_64_TO_32_BIT_CONVERSION = YES;
				GCC_WARN_ABOUT_RETURN_TYPE = YES_ERROR;
				GCC_WARN_UNDECLARED_SELECTOR = YES;
				GCC_WARN_UNINITIALIZED_AUTOS = YES_AGGRESSIVE;
				GCC_WARN_UNUSED_FUNCTION = YES;
				GCC_WARN_UNUSED_VARIABLE = YES;
				IPHONEOS_DEPLOYMENT_TARGET = 10.2;
				MTL_ENABLE_DEBUG_INFO = NO;
				SDKROOT = iphoneos;
				TARGETED_DEVICE_FAMILY = "1,2";
				VALIDATE_PRODUCT = YES;
			};
			name = Release;
		};
		DDFA127C1E77955D00CF8771 /* Debug */ = {
			isa = XCBuildConfiguration;
			baseConfigurationReference = 2158D8FD2210AF3BB64DB772 /* Pods-FitNess.debug.xcconfig */;
			buildSettings = {
				ASSETCATALOG_COMPILER_APPICON_NAME = AppIcon;
				DEVELOPMENT_TEAM = Y2548TFM6N;
				GCC_PREFIX_HEADER = "$(SRCROOT)/FitNess/PrefixHeader.h";
				INFOPLIST_FILE = FitNess/Info.plist;
				LD_RUNPATH_SEARCH_PATHS = "$(inherited) @executable_path/Frameworks";
				PRODUCT_BUNDLE_IDENTIFIER = com.FitNess;
				PRODUCT_NAME = "$(TARGET_NAME)";
			};
			name = Debug;
		};
		DDFA127D1E77955D00CF8771 /* Release */ = {
			isa = XCBuildConfiguration;
			baseConfigurationReference = 5C6E77572590A4D8719F248E /* Pods-FitNess.release.xcconfig */;
			buildSettings = {
				ASSETCATALOG_COMPILER_APPICON_NAME = AppIcon;
				DEVELOPMENT_TEAM = Y2548TFM6N;
				GCC_PREFIX_HEADER = "$(SRCROOT)/FitNess/PrefixHeader.h";
				INFOPLIST_FILE = FitNess/Info.plist;
				LD_RUNPATH_SEARCH_PATHS = "$(inherited) @executable_path/Frameworks";
				PRODUCT_BUNDLE_IDENTIFIER = com.FitNess;
				PRODUCT_NAME = "$(TARGET_NAME)";
			};
			name = Release;
		};
		DDFA127F1E77955D00CF8771 /* Debug */ = {
			isa = XCBuildConfiguration;
			buildSettings = {
				BUNDLE_LOADER = "$(TEST_HOST)";
				DEVELOPMENT_TEAM = Y2548TFM6N;
				INFOPLIST_FILE = FitNessTests/Info.plist;
				LD_RUNPATH_SEARCH_PATHS = "$(inherited) @executable_path/Frameworks @loader_path/Frameworks";
				PRODUCT_BUNDLE_IDENTIFIER = com.FitNessTests;
				PRODUCT_NAME = "$(TARGET_NAME)";
				TEST_HOST = "$(BUILT_PRODUCTS_DIR)/FitNess.app/FitNess";
			};
			name = Debug;
		};
		DDFA12801E77955D00CF8771 /* Release */ = {
			isa = XCBuildConfiguration;
			buildSettings = {
				BUNDLE_LOADER = "$(TEST_HOST)";
				DEVELOPMENT_TEAM = Y2548TFM6N;
				INFOPLIST_FILE = FitNessTests/Info.plist;
				LD_RUNPATH_SEARCH_PATHS = "$(inherited) @executable_path/Frameworks @loader_path/Frameworks";
				PRODUCT_BUNDLE_IDENTIFIER = com.FitNessTests;
				PRODUCT_NAME = "$(TARGET_NAME)";
				TEST_HOST = "$(BUILT_PRODUCTS_DIR)/FitNess.app/FitNess";
			};
			name = Release;
		};
		DDFA12821E77955D00CF8771 /* Debug */ = {
			isa = XCBuildConfiguration;
			buildSettings = {
				DEVELOPMENT_TEAM = Y2548TFM6N;
				INFOPLIST_FILE = FitNessUITests/Info.plist;
				LD_RUNPATH_SEARCH_PATHS = "$(inherited) @executable_path/Frameworks @loader_path/Frameworks";
				PRODUCT_BUNDLE_IDENTIFIER = com.FitNessUITests;
				PRODUCT_NAME = "$(TARGET_NAME)";
				TEST_TARGET_NAME = FitNess;
			};
			name = Debug;
		};
		DDFA12831E77955D00CF8771 /* Release */ = {
			isa = XCBuildConfiguration;
			buildSettings = {
				DEVELOPMENT_TEAM = Y2548TFM6N;
				INFOPLIST_FILE = FitNessUITests/Info.plist;
				LD_RUNPATH_SEARCH_PATHS = "$(inherited) @executable_path/Frameworks @loader_path/Frameworks";
				PRODUCT_BUNDLE_IDENTIFIER = com.FitNessUITests;
				PRODUCT_NAME = "$(TARGET_NAME)";
				TEST_TARGET_NAME = FitNess;
			};
			name = Release;
		};
/* End XCBuildConfiguration section */

/* Begin XCConfigurationList section */
		DDFA12461E77955C00CF8771 /* Build configuration list for PBXProject "FitNess" */ = {
			isa = XCConfigurationList;
			buildConfigurations = (
				DDFA12791E77955D00CF8771 /* Debug */,
				DDFA127A1E77955D00CF8771 /* Release */,
			);
			defaultConfigurationIsVisible = 0;
			defaultConfigurationName = Release;
		};
		DDFA127B1E77955D00CF8771 /* Build configuration list for PBXNativeTarget "FitNess" */ = {
			isa = XCConfigurationList;
			buildConfigurations = (
				DDFA127C1E77955D00CF8771 /* Debug */,
				DDFA127D1E77955D00CF8771 /* Release */,
			);
			defaultConfigurationIsVisible = 0;
			defaultConfigurationName = Release;
		};
		DDFA127E1E77955D00CF8771 /* Build configuration list for PBXNativeTarget "FitNessTests" */ = {
			isa = XCConfigurationList;
			buildConfigurations = (
				DDFA127F1E77955D00CF8771 /* Debug */,
				DDFA12801E77955D00CF8771 /* Release */,
			);
			defaultConfigurationIsVisible = 0;
			defaultConfigurationName = Release;
		};
		DDFA12811E77955D00CF8771 /* Build configuration list for PBXNativeTarget "FitNessUITests" */ = {
			isa = XCConfigurationList;
			buildConfigurations = (
				DDFA12821E77955D00CF8771 /* Debug */,
				DDFA12831E77955D00CF8771 /* Release */,
			);
			defaultConfigurationIsVisible = 0;
			defaultConfigurationName = Release;
		};
/* End XCConfigurationList section */

/* Begin XCVersionGroup section */
		DDFA125A1E77955D00CF8771 /* FitNess.xcdatamodeld */ = {
			isa = XCVersionGroup;
			children = (
				DDFA125B1E77955D00CF8771 /* FitNess.xcdatamodel */,
			);
			currentVersion = DDFA125B1E77955D00CF8771 /* FitNess.xcdatamodel */;
			path = FitNess.xcdatamodeld;
			sourceTree = "<group>";
			versionGroupType = wrapper.xcdatamodel;
		};
/* End XCVersionGroup section */
	};
	rootObject = DDFA12431E77955C00CF8771 /* Project object */;
}
